
Microsoft Visual Studio Solution File, Format Version 12.00
# Visual Studio Version 17
VisualStudioVersion = 17.0.32126.317
MinimumVisualStudioVersion = 10.0.40219.1
Project("{2150E333-8FDC-42A3-9474-1A3956D46DE8}") = "src", "src", "{59D5AA99-3CDD-48E1-819A-69021708A5C3}"
EndProject
Project("{FAE04EC0-301F-11D3-BF4B-00C04F79EFBC}") = "Valtion", "src\Valtion\Valtion.csproj", "{AD22E0CE-2FEF-437B-8ED4-5D04938A6822}"
EndProject
Project("{2150E333-8FDC-42A3-9474-1A3956D46DE8}") = "tests", "tests", "{57352959-2836-42B5-A667-D2A079983E42}"
EndProject
Global
	GlobalSection(SolutionConfigurationPlatforms) = preSolution
		Debug|Any CPU = Debug|Any CPU
		Release|Any CPU = Release|Any CPU
	EndGlobalSection
	GlobalSection(ProjectConfigurationPlatforms) = postSolution
		{AD22E0CE-2FEF-437B-8ED4-5D04938A6822}.Debug|Any CPU.ActiveCfg = Debug|Any CPU
		{AD22E0CE-2FEF-437B-8ED4-5D04938A6822}.Debug|Any CPU.Build.0 = Debug|Any CPU
		{AD22E0CE-2FEF-437B-8ED4-5D04938A6822}.Release|Any CPU.ActiveCfg = Release|Any CPU
		{AD22E0CE-2FEF-437B-8ED4-5D04938A6822}.Release|Any CPU.Build.0 = Release|Any CPU
	EndGlobalSection
	GlobalSection(SolutionProperties) = preSolution
		HideSolutionNode = FALSE
	EndGlobalSection
	GlobalSection(NestedProjects) = preSolution
		{AD22E0CE-2FEF-437B-8ED4-5D04938A6822} = {59D5AA99-3CDD-48E1-819A-69021708A5C3}
	EndGlobalSection
	GlobalSection(ExtensibilityGlobals) = postSolution
		SolutionGuid = {18D82147-DB93-40FD-A53E-731639F954DE}
	EndGlobalSection
EndGlobal
